# THIS IS AN AUTOGENERATED FILE. DO NOT EDIT THIS FILE DIRECTLY.
# yarn lockfile v1


"@league-of-foundry-developers/foundry-vtt-types@^0.7.10-0":
  version "0.7.10-0"
  resolved "https://registry.yarnpkg.com/@league-of-foundry-developers/foundry-vtt-types/-/foundry-vtt-types-0.7.10-0.tgz#5b1b4a53696ca1c8f74d158be3388aa32b9dd6bc"
  integrity sha512-Lo1rtkVAeHYPLxmuh8bh5gzNsg5Qh7ccc22rhN7mDgxnh07T7mXTm0J5nRFuFPZ3krLnepXsE64hjgmzYMm31w==
  dependencies:
    "@types/howler" "2.2.1"
    "@types/jquery" "3.5.1"
    "@types/socket.io-client" "^1.4.33"
    handlebars "4.7.6"
    pixi-particles "^4.3.0"
    pixi.js "5.3.4"
    tinymce "5.6.2"
    typescript "^4.1.4"

"@pixi/accessibility@5.3.4":
  version "5.3.4"
  resolved "https://registry.yarnpkg.com/@pixi/accessibility/-/accessibility-5.3.4.tgz#248f2ff0fd24056f0254470a91187728f60b5e8d"
  integrity sha512-g8hQnnVSYJ+gLrdQyCsDDSu+VehhVL9Pcr2fkQSC9VBhxiMIN+Paky8kOxC2LL5nsKRIUGGaTa6iHtiopPQQMw==
  dependencies:
    "@pixi/core" "5.3.4"
    "@pixi/display" "5.3.4"
    "@pixi/utils" "5.3.4"

"@pixi/app@5.3.4":
  version "5.3.4"
  resolved "https://registry.yarnpkg.com/@pixi/app/-/app-5.3.4.tgz#a2f51c1ea0607db64eee8b7667dbb908f0ecc8ae"
  integrity sha512-XT/EFyGslFdvdHY9ZS7yDAdLOj0U1UHeLxFr1kwiawuwIt/WsxNeH4jq2IijvZuQ3L5ON7Y7zQf54JEPv5fK0Q==
  dependencies:
    "@pixi/core" "5.3.4"
    "@pixi/display" "5.3.4"

"@pixi/constants@5.3.4":
  version "5.3.4"
  resolved "https://registry.yarnpkg.com/@pixi/constants/-/constants-5.3.4.tgz#87630db2c3e2c9b20fddf38096087f2850b06628"
  integrity sha512-YsWjdMVMoJA8kG/0D4s9/DWWa2lPlexk0qNZOcV3tICaPG0IYfIhepfveMeMhIb0QrdSAsPbhYdcaxxgoaNF1A==

"@pixi/core@5.3.4":
  version "5.3.4"
  resolved "https://registry.yarnpkg.com/@pixi/core/-/core-5.3.4.tgz#ebc2151f8bf11ccc9010aeb24a96ebab5e0bbdbc"
  integrity sha512-k6SRniy4pH7ZKAKC2HkbLSKPm+j7bF17fTO5+6xLSiVqLnfa7ChV51wNuoa30olVF3/d8ME2uraf7dsvXwomzw==
  dependencies:
    "@pixi/constants" "5.3.4"
    "@pixi/math" "5.3.4"
    "@pixi/runner" "5.3.4"
    "@pixi/settings" "5.3.4"
    "@pixi/ticker" "5.3.4"
    "@pixi/utils" "5.3.4"

"@pixi/display@5.3.4":
  version "5.3.4"
  resolved "https://registry.yarnpkg.com/@pixi/display/-/display-5.3.4.tgz#6a0e00a4b448f4cd3c68256dc2f4bf2689d77655"
  integrity sha512-RCi39Qi1L8mlIu1YvWvPI45WpKHRbpYlvSIT/414wmoaAoFZnaJ+qoVuqDCfzfNhWWirGAWpXniQjNRzkUZjcA==
  dependencies:
    "@pixi/math" "5.3.4"
    "@pixi/settings" "5.3.4"
    "@pixi/utils" "5.3.4"

"@pixi/extract@5.3.4":
  version "5.3.4"
  resolved "https://registry.yarnpkg.com/@pixi/extract/-/extract-5.3.4.tgz#8c11704b1152dd6470c21d7d0ed6064820d49d47"
  integrity sha512-HTGF5WKts4kF0v1rOU4YcLMUpb18FzcxKhaCwjXpqm3vANgjuGAUL9PxpmC4ecS03mkRa0+9vAXEUkJLQeNLPg==
  dependencies:
    "@pixi/core" "5.3.4"
    "@pixi/math" "5.3.4"
    "@pixi/utils" "5.3.4"

"@pixi/filter-alpha@5.3.4":
  version "5.3.4"
  resolved "https://registry.yarnpkg.com/@pixi/filter-alpha/-/filter-alpha-5.3.4.tgz#1503c11f123f3a0994d6a626741197267d6093e0"
  integrity sha512-lgRCN8bDeHlMpRtQv/P5gCJ+9e3AufJVC2H0TdkCRmJqm1dB+rhKwxIeNINsjjz+kiuumOe88CxRbRd3CpEydg==
  dependencies:
    "@pixi/core" "5.3.4"

"@pixi/filter-blur@5.3.4":
  version "5.3.4"
  resolved "https://registry.yarnpkg.com/@pixi/filter-blur/-/filter-blur-5.3.4.tgz#78377b3dd20d34545087b152be1c5f0948128720"
  integrity sha512-PYPHc8MEsZWfmVQkm0UKO70dmZpcWyu/Bs0xJa5apsmCm6zXNzXfMh02lsXu82HrNQ+9iJT/mAKrrDABGn9vtg==
  dependencies:
    "@pixi/core" "5.3.4"
    "@pixi/settings" "5.3.4"

"@pixi/filter-color-matrix@5.3.4":
  version "5.3.4"
  resolved "https://registry.yarnpkg.com/@pixi/filter-color-matrix/-/filter-color-matrix-5.3.4.tgz#d558413af89ca0435031c5f021430cbafb1ae5ca"
  integrity sha512-9Iflvr1moc7ns5A/73lWVwLUbe+wb678NLA4X9SYXAJTiij4M1isDrULhk95TGUaWo4bbSBaov1vm8XbUZNG8w==
  dependencies:
    "@pixi/core" "5.3.4"

"@pixi/filter-displacement@5.3.4":
  version "5.3.4"
  resolved "https://registry.yarnpkg.com/@pixi/filter-displacement/-/filter-displacement-5.3.4.tgz#1132d54e1ec9fb3a05e86e6dd2f4251587fb128d"
  integrity sha512-CldemXpcKr1GRT1Ll33TTFWtU6KDl4sYTvAwWTAEu8OhKedobBB/mRCIK9p1h7iZYtaj5MRYQjewmFKRrqyXrQ==
  dependencies:
    "@pixi/core" "5.3.4"
    "@pixi/math" "5.3.4"

"@pixi/filter-fxaa@5.3.4":
  version "5.3.4"
  resolved "https://registry.yarnpkg.com/@pixi/filter-fxaa/-/filter-fxaa-5.3.4.tgz#57518b9b82037af588e9a857998d2526fd96bc71"
  integrity sha512-GtIfaOsqQlsK+F1795V/JJIq5Uu15nasiCwGr+wVwHNGMBanAXt7AnSy8JHcgup3Eqx8FXRuM/AyD/4IYUquuA==
  dependencies:
    "@pixi/core" "5.3.4"

"@pixi/filter-noise@5.3.4":
  version "5.3.4"
  resolved "https://registry.yarnpkg.com/@pixi/filter-noise/-/filter-noise-5.3.4.tgz#15e3a4f77eb24741f99bb0dad197d375e77cecb4"
  integrity sha512-pNq4T4LC2naWz0pZXF3RT9aA7XdLL4TuBjJsYrrBaJZraupbOo6Mp8VwxVJs8GThmMl7/U13GalOzVSb/HjzDg==
  dependencies:
    "@pixi/core" "5.3.4"

"@pixi/graphics@5.3.4":
  version "5.3.4"
  resolved "https://registry.yarnpkg.com/@pixi/graphics/-/graphics-5.3.4.tgz#e0944e1310509bcb23f4067c83a6ac55945cb1e2"
  integrity sha512-W6cuFfzwgfx3zVFICu98cENgwjy+d2e6xNJ/yJI0q8QiwlZmpuSXHBCfZrtIWpp9VSJZe2KDIo1LUnLhCpp3Yg==
  dependencies:
    "@pixi/constants" "5.3.4"
    "@pixi/core" "5.3.4"
    "@pixi/display" "5.3.4"
    "@pixi/math" "5.3.4"
    "@pixi/sprite" "5.3.4"
    "@pixi/utils" "5.3.4"

"@pixi/interaction@5.3.4":
  version "5.3.4"
  resolved "https://registry.yarnpkg.com/@pixi/interaction/-/interaction-5.3.4.tgz#9d382206444c0c75a684c7ae1fc9c1d38ac59632"
  integrity sha512-7/JN7AtCuYmmWczrQROKSI9Z42p6C6p7B2wDVqNYYgROSaeGbGsZ8H0sa6nYLnIj4F3CaGSRoRnAMPz+CO70bw==
  dependencies:
    "@pixi/core" "5.3.4"
    "@pixi/display" "5.3.4"
    "@pixi/math" "5.3.4"
    "@pixi/ticker" "5.3.4"
    "@pixi/utils" "5.3.4"

"@pixi/loaders@5.3.4":
  version "5.3.4"
  resolved "https://registry.yarnpkg.com/@pixi/loaders/-/loaders-5.3.4.tgz#22e872a965f0f7ab43a6e4766f656b07e569752f"
  integrity sha512-/dFznZnsivzq/MW7n/PPhMeznWFMMDYrac958OlxzSwrEAgtq6ZVLZbz7pCf9uhiifMnqwBGefphOFubj3Qorw==
  dependencies:
    "@pixi/core" "5.3.4"
    "@pixi/utils" "5.3.4"
    resource-loader "^3.0.1"

"@pixi/math@5.3.4":
  version "5.3.4"
  resolved "https://registry.yarnpkg.com/@pixi/math/-/math-5.3.4.tgz#cd2163a2184a46a7c87e9b10c7948c6a075cec4f"
  integrity sha512-UQ2jhdlCHIvAVf8EcHB3QuR5GhB49VdTccWmer96RZCeGkcZsPSUk1ldO1GZnIctcf0Iuvmq74G02dYbtC7JxQ==

"@pixi/mesh-extras@5.3.4":
  version "5.3.4"
  resolved "https://registry.yarnpkg.com/@pixi/mesh-extras/-/mesh-extras-5.3.4.tgz#2370e458611d82c8ce4d68adaf6383f01f8f5720"
  integrity sha512-mjc3RlgLGYUv2FUKrVv/Dfaj2KW5qhX9c6Ev+yJ4lg/sMblet5gtYuyKsmJMS/K6B8V8+oMlTfX9ozFCzq1oJQ==
  dependencies:
    "@pixi/constants" "5.3.4"
    "@pixi/core" "5.3.4"
    "@pixi/math" "5.3.4"
    "@pixi/mesh" "5.3.4"
    "@pixi/utils" "5.3.4"

"@pixi/mesh@5.3.4":
  version "5.3.4"
  resolved "https://registry.yarnpkg.com/@pixi/mesh/-/mesh-5.3.4.tgz#3b1ce4c6686e6524bf0fd920d568a3175826c82b"
  integrity sha512-y0Y52cwsqETc/35DMGVCzQmhPCrQ3ZhjWcW9JwQoHMy3PoNSN9QUqYjVjF2oEj5hxcJnGNo3GAXFZz2Uh/UReQ==
  dependencies:
    "@pixi/constants" "5.3.4"
    "@pixi/core" "5.3.4"
    "@pixi/display" "5.3.4"
    "@pixi/math" "5.3.4"
    "@pixi/settings" "5.3.4"
    "@pixi/utils" "5.3.4"

"@pixi/mixin-cache-as-bitmap@5.3.4":
  version "5.3.4"
  resolved "https://registry.yarnpkg.com/@pixi/mixin-cache-as-bitmap/-/mixin-cache-as-bitmap-5.3.4.tgz#5cdbc578e69d43cfc6677ca12b945789b50168a5"
  integrity sha512-8ZAmzDK1fHXIzYFHFH72LUMRZerY1Pt71XI3UgsWExABS1aREe20oPLuVByLP94W7X/kTXz+zK+nt51O5MGKsA==
  dependencies:
    "@pixi/core" "5.3.4"
    "@pixi/display" "5.3.4"
    "@pixi/math" "5.3.4"
    "@pixi/settings" "5.3.4"
    "@pixi/sprite" "5.3.4"
    "@pixi/utils" "5.3.4"

"@pixi/mixin-get-child-by-name@5.3.4":
  version "5.3.4"
  resolved "https://registry.yarnpkg.com/@pixi/mixin-get-child-by-name/-/mixin-get-child-by-name-5.3.4.tgz#ab64fb820adb76a287ea70c3b26f8353dc48d2f0"
  integrity sha512-PY1Qe6CKYu+UNSRAFIfRyhRfkrpsTMwh9sI6iXVVi712bM3JkZIwDfDF31TA4nYX8z7H49w+KCWY4PejZ8l2WA==
  dependencies:
    "@pixi/display" "5.3.4"

"@pixi/mixin-get-global-position@5.3.4":
  version "5.3.4"
  resolved "https://registry.yarnpkg.com/@pixi/mixin-get-global-position/-/mixin-get-global-position-5.3.4.tgz#632a7249132b466b32c274252452f4565e0ee80c"
  integrity sha512-yv+huwUAOfyXDEHbQp6W5/3RjQpwG6AhpgMY4b3XBMtvrp9R/5Wgw/YC/nea9kZ3Gb2u4Aqeco8U+tPIRNjeIA==
  dependencies:
    "@pixi/display" "5.3.4"
    "@pixi/math" "5.3.4"

"@pixi/particles@5.3.4":
  version "5.3.4"
  resolved "https://registry.yarnpkg.com/@pixi/particles/-/particles-5.3.4.tgz#587159fe8fcda63687d34868f7e6aaa08fe447bd"
  integrity sha512-sX0BGGbS7yCwlam1mC5awW2BjU7QFmZv82E8ON/r9aAZS6InT25zOpMdvy0ImIIqBvF0Z1Qz1IT6pKEBxqMo9Q==
  dependencies:
    "@pixi/constants" "5.3.4"
    "@pixi/core" "5.3.4"
    "@pixi/display" "5.3.4"
    "@pixi/math" "5.3.4"
    "@pixi/utils" "5.3.4"

"@pixi/polyfill@5.3.4":
  version "5.3.4"
  resolved "https://registry.yarnpkg.com/@pixi/polyfill/-/polyfill-5.3.4.tgz#e3fc385f06f2a488c616ab6c1c764368c2f8cdb6"
  integrity sha512-bxk8bhrfQ9Y2rU/L0ss2gIeXwmMlOciw+B5yVUDVLqzjE4y8Fm2619L4qu9v51Z9a+8JbyVE5c1eT7HJgx0g0w==
  dependencies:
    es6-promise-polyfill "^1.2.0"
    object-assign "^4.1.1"

"@pixi/prepare@5.3.4":
  version "5.3.4"
  resolved "https://registry.yarnpkg.com/@pixi/prepare/-/prepare-5.3.4.tgz#1a96c8dad399c0a0d12c9d7ee5dee44413a0d3dc"
  integrity sha512-MVMvNTrNYQidWXd4LSkgv+eqTzHtSViADA+Tvnemy9QMuWqbTfxFn4UMhrBjQIfG9+hwdIFS14pfFKt/BLHNrw==
  dependencies:
    "@pixi/core" "5.3.4"
    "@pixi/display" "5.3.4"
    "@pixi/graphics" "5.3.4"
    "@pixi/settings" "5.3.4"
    "@pixi/text" "5.3.4"
    "@pixi/ticker" "5.3.4"

"@pixi/runner@5.3.4":
  version "5.3.4"
  resolved "https://registry.yarnpkg.com/@pixi/runner/-/runner-5.3.4.tgz#e08040b1fc983357b57ab314590880d80369a916"
  integrity sha512-iPWHVhv2js+NhDQNmePkHfic8SilBT7H/pzRjMqHqvafTdl8Y+4g+hdQDalZJNr3Ixl77QPAYlOKhegBujn2mQ==

"@pixi/settings@5.3.4":
  version "5.3.4"
  resolved "https://registry.yarnpkg.com/@pixi/settings/-/settings-5.3.4.tgz#55b659591f98e6d7f4e436ad923c2355a23ef6d8"
  integrity sha512-Jqj1NLtYODCqK8ZKVccUBAaBDkn7SQ6b7N15FwxbiSgfbvwpynSKr6WQTxqMq29h42MKsic6BJcQrlGEbDNz5w==
  dependencies:
    ismobilejs "^1.1.0"

"@pixi/sprite-animated@5.3.4":
  version "5.3.4"
  resolved "https://registry.yarnpkg.com/@pixi/sprite-animated/-/sprite-animated-5.3.4.tgz#253cadc4faae59a01fcd7f98e4e1143a3c288b67"
  integrity sha512-HaTelbvm2xekw9b9GdYbupM2RZ/muRZvstkmSqMZhiIViZekzKPa5WQJwnqZzVBjCg735j09G8aF4H2NpNqF9g==
  dependencies:
    "@pixi/core" "5.3.4"
    "@pixi/sprite" "5.3.4"
    "@pixi/ticker" "5.3.4"

"@pixi/sprite-tiling@5.3.4":
  version "5.3.4"
  resolved "https://registry.yarnpkg.com/@pixi/sprite-tiling/-/sprite-tiling-5.3.4.tgz#ca71f24d0f62b752145051b534a4c1060b40c516"
  integrity sha512-NMqpNuWEIic2n5EL/TrGmn1+bab4TwxcILnco4myvw9Sd/wLsaJx3XboegY7YCWCKhnl+Ax6cl8DMkk7OJkpJQ==
  dependencies:
    "@pixi/constants" "5.3.4"
    "@pixi/core" "5.3.4"
    "@pixi/display" "5.3.4"
    "@pixi/math" "5.3.4"
    "@pixi/sprite" "5.3.4"
    "@pixi/utils" "5.3.4"

"@pixi/sprite@5.3.4":
  version "5.3.4"
  resolved "https://registry.yarnpkg.com/@pixi/sprite/-/sprite-5.3.4.tgz#c2f128b304b0dfa25bf34f613985c8ce570ca674"
  integrity sha512-vO+GMJWnumnVzc2R7jGcLlUeIXIek+SDqVQyPDPJ5T8sWTgFhanHCrgpKfplZIu08X/zvIZQxPfd332R0waeog==
  dependencies:
    "@pixi/constants" "5.3.4"
    "@pixi/core" "5.3.4"
    "@pixi/display" "5.3.4"
    "@pixi/math" "5.3.4"
    "@pixi/settings" "5.3.4"
    "@pixi/utils" "5.3.4"

"@pixi/spritesheet@5.3.4":
  version "5.3.4"
  resolved "https://registry.yarnpkg.com/@pixi/spritesheet/-/spritesheet-5.3.4.tgz#23b059c154be61aaab1259628693038c7faff8e2"
  integrity sha512-gfCqOMD2XJHw1bMXxXbuYPnBbCBUvbzMN7Pw2po7U5R6bsk7WEoG7Hp3HjAPyPQvg36v2Db6dcz0//ZNNqm+EQ==
  dependencies:
    "@pixi/core" "5.3.4"
    "@pixi/loaders" "5.3.4"
    "@pixi/math" "5.3.4"
    "@pixi/utils" "5.3.4"

"@pixi/text-bitmap@5.3.4":
  version "5.3.4"
  resolved "https://registry.yarnpkg.com/@pixi/text-bitmap/-/text-bitmap-5.3.4.tgz#f7ec6704df85ba912001e79714581c10bbfb4982"
  integrity sha512-uNJOYvy3sn0S5Bp6H113ZAmaQm68ojCXSuOBJzIMEV2cUuYLngW+7DqKOsHMMhNmcONs/OBq57SRrzDcr8WYdw==
  dependencies:
    "@pixi/core" "5.3.4"
    "@pixi/display" "5.3.4"
    "@pixi/loaders" "5.3.4"
    "@pixi/math" "5.3.4"
    "@pixi/mesh" "5.3.4"
    "@pixi/settings" "5.3.4"
    "@pixi/text" "5.3.4"
    "@pixi/utils" "5.3.4"

"@pixi/text@5.3.4":
  version "5.3.4"
  resolved "https://registry.yarnpkg.com/@pixi/text/-/text-5.3.4.tgz#c620faaf0b9fe3cded5cb33a17115bd90d2efd00"
  integrity sha512-kmdK1KLrWY8PHGIIXKVRQmik3gWquiYz6DB0jqabi3j0gVp6h+CVDje01N6Nl75ZCQ/PjaWafzQvURypfX73ng==
  dependencies:
    "@pixi/core" "5.3.4"
    "@pixi/math" "5.3.4"
    "@pixi/settings" "5.3.4"
    "@pixi/sprite" "5.3.4"
    "@pixi/utils" "5.3.4"

"@pixi/ticker@5.3.4":
  version "5.3.4"
  resolved "https://registry.yarnpkg.com/@pixi/ticker/-/ticker-5.3.4.tgz#24600d6f9c721c48554812aa187b968bb0c2a3b9"
  integrity sha512-PmCAstgyI6vLPXKZVFlo4Zornry21BwFiTOp1dBUW3sIMky9Wx2fajjyVHIridCY6yaazt6Xu37khZf5qRgASw==
  dependencies:
    "@pixi/settings" "5.3.4"

"@pixi/utils@5.3.4":
  version "5.3.4"
  resolved "https://registry.yarnpkg.com/@pixi/utils/-/utils-5.3.4.tgz#62e9a7ea59de7e4a4b108568de92a1c64026e816"
  integrity sha512-HjUWFfAmPPKX0BSq20GWY//Vm+gC9O+wcn9sXMqOItCuf0DDFwxoBrUVaHNNnEVhM1Djpz/+YijCijmGdZeddA==
  dependencies:
    "@pixi/constants" "5.3.4"
    "@pixi/settings" "5.3.4"
    earcut "^2.1.5"
    eventemitter3 "^3.1.0"
    url "^0.11.0"

"@types/archiver@^5.1.0":
  version "5.1.0"
  resolved "https://registry.yarnpkg.com/@types/archiver/-/archiver-5.1.0.tgz#869f4ce4028e49cf9a0243cf914415f4cc3d1f3d"
  integrity sha512-baFOhanb/hxmcOd1Uey2TfFg43kTSmM6py1Eo7Rjbv/ivcl7PXLhY0QgXGf50Hx/eskGCFqPfhs/7IZLb15C5g==
  dependencies:
    "@types/glob" "*"

"@types/glob@*":
  version "7.1.3"
  resolved "https://registry.yarnpkg.com/@types/glob/-/glob-7.1.3.tgz#e6ba80f36b7daad2c685acd9266382e68985c183"
  integrity sha512-SEYeGAIQIQX8NN6LDKprLjbrd5dARM5EXsd8GI/A5l0apYI1fGMWgPHSe4ZKL4eozlAyI+doUE9XbYS4xCkQ1w==
  dependencies:
    "@types/minimatch" "*"
    "@types/node" "*"

"@types/howler@2.2.1":
  version "2.2.1"
  resolved "https://registry.yarnpkg.com/@types/howler/-/howler-2.2.1.tgz#c95314724a8e970b1b29a731861975f39987b9ca"
  integrity sha512-1MiSldngr+eAO4lDPtjzl4Nf2GmRh8VDHIpNBIkyd25L22JExVlI6w3fjSM7+FNc1e1WZAPNq7/flkw685byfg==

"@types/jquery@3.5.1":
  version "3.5.1"
  resolved "https://registry.yarnpkg.com/@types/jquery/-/jquery-3.5.1.tgz#cebb057acf5071c40e439f30e840c57a30d406c3"
  integrity sha512-Tyctjh56U7eX2b9udu3wG853ASYP0uagChJcQJXLUXEU6C/JiW5qt5dl8ao01VRj1i5pgXPAf8f1mq4+FDLRQg==
  dependencies:
    "@types/sizzle" "*"

"@types/minimatch@*":
  version "3.0.4"
  resolved "https://registry.yarnpkg.com/@types/minimatch/-/minimatch-3.0.4.tgz#f0ec25dbf2f0e4b18647313ac031134ca5b24b21"
  integrity sha512-1z8k4wzFnNjVK/tlxvrWuK5WMt6mydWWP7+zvH5eFep4oj+UkrfiJTRtjCeBXNpwaA/FYqqtb4/QS4ianFpIRA==

"@types/node@*":
  version "15.12.3"
  resolved "https://registry.yarnpkg.com/@types/node/-/node-15.12.3.tgz#2817bf5f25bc82f56579018c53f7d41b1830b1af"
  integrity sha512-SNt65CPCXvGNDZ3bvk1TQ0Qxoe3y1RKH88+wZ2Uf05dduBCqqFQ76ADP9pbT+Cpvj60SkRppMCh2Zo8tDixqjQ==

"@types/node@^15.12.4":
  version "15.12.4"
  resolved "https://registry.yarnpkg.com/@types/node/-/node-15.12.4.tgz#e1cf817d70a1e118e81922c4ff6683ce9d422e26"
  integrity sha512-zrNj1+yqYF4WskCMOHwN+w9iuD12+dGm0rQ35HLl9/Ouuq52cEtd0CH9qMgrdNmi5ejC1/V7vKEXYubB+65DkA==

"@types/sizzle@*":
  version "2.3.3"
  resolved "https://registry.yarnpkg.com/@types/sizzle/-/sizzle-2.3.3.tgz#ff5e2f1902969d305225a047c8a0fd5c915cebef"
  integrity sha512-JYM8x9EGF163bEyhdJBpR2QX1R5naCJHC8ucJylJ3w9/CVBaskdQ8WqBf8MmQrd1kRvp/a4TS8HJ+bxzR7ZJYQ==

"@types/socket.io-client@^1.4.33":
  version "1.4.36"
  resolved "https://registry.yarnpkg.com/@types/socket.io-client/-/socket.io-client-1.4.36.tgz#e4f1ca065f84c20939e9850e70222202bd76ff3f"
  integrity sha512-ZJWjtFBeBy1kRSYpVbeGYTElf6BqPQUkXDlHHD4k/42byCN5Rh027f4yARHCink9sKAkbtGZXEAmR0ZCnc2/Ag==

archiver-utils@^2.1.0:
  version "2.1.0"
  resolved "https://registry.yarnpkg.com/archiver-utils/-/archiver-utils-2.1.0.tgz#e8a460e94b693c3e3da182a098ca6285ba9249e2"
  integrity sha512-bEL/yUb/fNNiNTuUz979Z0Yg5L+LzLxGJz8x79lYmR54fmTIb6ob/hNQgkQnIUDWIFjZVQwl9Xs356I6BAMHfw==
  dependencies:
    glob "^7.1.4"
    graceful-fs "^4.2.0"
    lazystream "^1.0.0"
    lodash.defaults "^4.2.0"
    lodash.difference "^4.5.0"
    lodash.flatten "^4.4.0"
    lodash.isplainobject "^4.0.6"
    lodash.union "^4.6.0"
    normalize-path "^3.0.0"
    readable-stream "^2.0.0"

archiver@^5.3.0:
  version "5.3.0"
  resolved "https://registry.yarnpkg.com/archiver/-/archiver-5.3.0.tgz#dd3e097624481741df626267564f7dd8640a45ba"
  integrity sha512-iUw+oDwK0fgNpvveEsdQ0Ase6IIKztBJU2U0E9MzszMfmVVUyv1QJhS2ITW9ZCqx8dktAxVAjWWkKehuZE8OPg==
  dependencies:
    archiver-utils "^2.1.0"
    async "^3.2.0"
    buffer-crc32 "^0.2.1"
    readable-stream "^3.6.0"
    readdir-glob "^1.0.0"
    tar-stream "^2.2.0"
    zip-stream "^4.1.0"

async@^3.2.0:
  version "3.2.0"
  resolved "https://registry.yarnpkg.com/async/-/async-3.2.0.tgz#b3a2685c5ebb641d3de02d161002c60fc9f85720"
  integrity sha512-TR2mEZFVOj2pLStYxLht7TyfuRzaydfpxr3k9RpHIzMgw7A64dzsdqCxH1WJyQdoe8T10nDXd9wnEigmiuHIZw==

balanced-match@^1.0.0:
  version "1.0.2"
  resolved "https://registry.yarnpkg.com/balanced-match/-/balanced-match-1.0.2.tgz#e83e3a7e3f300b34cb9d87f615fa0cbf357690ee"
  integrity sha512-3oSeUO0TMV67hN1AmbXsK4yaqU7tjiHlbxRDZOpH0KW9+CeX4bRAaX0Anxt0tx2MrpRpWwQaPwIlISEJhYU5Pw==

base64-js@^1.3.1:
  version "1.5.1"
  resolved "https://registry.yarnpkg.com/base64-js/-/base64-js-1.5.1.tgz#1b1b440160a5bf7ad40b650f095963481903930a"
  integrity sha512-AKpaYlHn8t4SVbOHCy+b5+KKgvR4vrsD8vbvrbiQJps7fKDTkjkDry6ji0rUJjC0kzbNePLwzxq8iypo41qeWA==

bl@^4.0.3:
  version "4.1.0"
  resolved "https://registry.yarnpkg.com/bl/-/bl-4.1.0.tgz#451535264182bec2fbbc83a62ab98cf11d9f7b3a"
  integrity sha512-1W07cM9gS6DcLperZfFSj+bWLtaPGSOHWhPiGzXmvVJbRLdG82sH/Kn8EtW1VqWVA54AKf2h5k5BbnIbwF3h6w==
  dependencies:
    buffer "^5.5.0"
    inherits "^2.0.4"
    readable-stream "^3.4.0"

brace-expansion@^1.1.7:
  version "1.1.11"
  resolved "https://registry.yarnpkg.com/brace-expansion/-/brace-expansion-1.1.11.tgz#3c7fcbf529d87226f3d2f52b966ff5271eb441dd"
  integrity sha512-iCuPHDFgrHX7H2vEI/5xpz07zSHB00TpugqhmYtVmMO6518mCuRMoOYFldEBl0g187ufozdaHgWKcYFb61qGiA==
  dependencies:
    balanced-match "^1.0.0"
    concat-map "0.0.1"

buffer-crc32@^0.2.1, buffer-crc32@^0.2.13:
  version "0.2.13"
  resolved "https://registry.yarnpkg.com/buffer-crc32/-/buffer-crc32-0.2.13.tgz#0d333e3f00eac50aa1454abd30ef8c2a5d9a7242"
  integrity sha1-DTM+PwDqxQqhRUq9MO+MKl2ackI=

buffer@^5.5.0:
  version "5.7.1"
  resolved "https://registry.yarnpkg.com/buffer/-/buffer-5.7.1.tgz#ba62e7c13133053582197160851a8f648e99eed0"
  integrity sha512-EHcyIPBQ4BSGlvjB16k5KgAJ27CIsHY/2JBmCRReo48y9rQ3MaUzWX3KVlBa4U7MyX02HdVj0K7C3WaB3ju7FQ==
  dependencies:
    base64-js "^1.3.1"
    ieee754 "^1.1.13"

colorette@^1.2.2:
  version "1.2.2"
  resolved "https://registry.yarnpkg.com/colorette/-/colorette-1.2.2.tgz#cbcc79d5e99caea2dbf10eb3a26fd8b3e6acfa94"
  integrity sha512-MKGMzyfeuutC/ZJ1cba9NqcNpfeqMUcYmyF1ZFY6/Cn7CNSAKx6a+s48sqLqyAiZuaP2TcqMhoo+dlwFnVxT9w==

compress-commons@^4.1.0:
  version "4.1.1"
  resolved "https://registry.yarnpkg.com/compress-commons/-/compress-commons-4.1.1.tgz#df2a09a7ed17447642bad10a85cc9a19e5c42a7d"
  integrity sha512-QLdDLCKNV2dtoTorqgxngQCMA+gWXkM/Nwu7FpeBhk/RdkzimqC3jueb/FDmaZeXh+uby1jkBqE3xArsLBE5wQ==
  dependencies:
    buffer-crc32 "^0.2.13"
    crc32-stream "^4.0.2"
    normalize-path "^3.0.0"
    readable-stream "^3.6.0"

concat-map@0.0.1:
  version "0.0.1"
  resolved "https://registry.yarnpkg.com/concat-map/-/concat-map-0.0.1.tgz#d8a96bd77fd68df7793a73036a3ba0d5405d477b"
  integrity sha1-2Klr13/Wjfd5OnMDajug1UBdR3s=

core-util-is@~1.0.0:
  version "1.0.2"
  resolved "https://registry.yarnpkg.com/core-util-is/-/core-util-is-1.0.2.tgz#b5fd54220aa2bc5ab57aab7140c940754503c1a7"
  integrity sha1-tf1UIgqivFq1eqtxQMlAdUUDwac=

crc-32@^1.2.0:
  version "1.2.0"
  resolved "https://registry.yarnpkg.com/crc-32/-/crc-32-1.2.0.tgz#cb2db6e29b88508e32d9dd0ec1693e7b41a18208"
  integrity sha512-1uBwHxF+Y/4yF5G48fwnKq6QsIXheor3ZLPT80yGBV1oEUwpPojlEhQbWKVw1VwcTQyMGHK1/XMmTjmlsmTTGA==
  dependencies:
    exit-on-epipe "~1.0.1"
    printj "~1.1.0"

crc32-stream@^4.0.2:
  version "4.0.2"
  resolved "https://registry.yarnpkg.com/crc32-stream/-/crc32-stream-4.0.2.tgz#c922ad22b38395abe9d3870f02fa8134ed709007"
  integrity sha512-DxFZ/Hk473b/muq1VJ///PMNLj0ZMnzye9thBpmjpJKCc5eMgB95aK8zCGrGfQ90cWo561Te6HK9D+j4KPdM6w==
  dependencies:
    crc-32 "^1.2.0"
    readable-stream "^3.4.0"

earcut@^2.1.5:
  version "2.2.2"
  resolved "https://registry.yarnpkg.com/earcut/-/earcut-2.2.2.tgz#41b0bc35f63e0fe80da7cddff28511e7e2e80d11"
  integrity sha512-eZoZPPJcUHnfRZ0PjLvx2qBordSiO8ofC3vt+qACLM95u+4DovnbYNpQtJh0DNsWj8RnxrQytD4WA8gj5cRIaQ==

end-of-stream@^1.4.1:
  version "1.4.4"
  resolved "https://registry.yarnpkg.com/end-of-stream/-/end-of-stream-1.4.4.tgz#5ae64a5f45057baf3626ec14da0ca5e4b2431eb0"
  integrity sha512-+uw1inIHVPQoaVuHzRyXd21icM+cnt4CzD5rW+NC1wjOUSTOs+Te7FOv7AhN7vS9x/oIyhLP5PR1H+phQAHu5Q==
  dependencies:
    once "^1.4.0"

es6-promise-polyfill@^1.2.0:
  version "1.2.0"
  resolved "https://registry.yarnpkg.com/es6-promise-polyfill/-/es6-promise-polyfill-1.2.0.tgz#f38925f23cb3e3e8ce6cda8ff774fcebbb090cde"
  integrity sha1-84kl8jyz4+jObNqP93T867sJDN4=

esbuild@^0.12.5:
  version "0.12.9"
  resolved "https://registry.yarnpkg.com/esbuild/-/esbuild-0.12.9.tgz#bed4e7087c286cd81d975631f77d47feb1660070"
  integrity sha512-MWRhAbMOJ9RJygCrt778rz/qNYgA4ZVj6aXnNPxFjs7PmIpb0fuB9Gmg5uWrr6n++XKwwm/RmSz6RR5JL2Ocsw==

eventemitter3@^3.1.0:
  version "3.1.2"
  resolved "https://registry.yarnpkg.com/eventemitter3/-/eventemitter3-3.1.2.tgz#2d3d48f9c346698fce83a85d7d664e98535df6e7"
  integrity sha512-tvtQIeLVHjDkJYnzf2dgVMxfuSGJeM/7UCG17TT4EumTfNtF+0nebF/4zWOIkCreAbtNqhGEboB6BWrwqNaw4Q==

exit-on-epipe@~1.0.1:
  version "1.0.1"
  resolved "https://registry.yarnpkg.com/exit-on-epipe/-/exit-on-epipe-1.0.1.tgz#0bdd92e87d5285d267daa8171d0eb06159689692"
  integrity sha512-h2z5mrROTxce56S+pnvAV890uu7ls7f1kEvVGJbw1OlFH3/mlJ5bkXu0KRyW94v37zzHPiUd55iLn3DA7TjWpw==

fs-constants@^1.0.0:
  version "1.0.0"
  resolved "https://registry.yarnpkg.com/fs-constants/-/fs-constants-1.0.0.tgz#6be0de9be998ce16af8afc24497b9ee9b7ccd9ad"
  integrity sha512-y6OAwoSIf7FyjMIv94u+b5rdheZEjzR63GTyZJm5qh4Bi+2YgwLCcI/fPFZkL5PSixOt6ZNKm+w+Hfp/Bciwow==

fs.realpath@^1.0.0:
  version "1.0.0"
  resolved "https://registry.yarnpkg.com/fs.realpath/-/fs.realpath-1.0.0.tgz#1504ad2523158caa40db4a2787cb01411994ea4f"
  integrity sha1-FQStJSMVjKpA20onh8sBQRmU6k8=

fsevents@~2.3.1, fsevents@~2.3.2:
  version "2.3.2"
  resolved "https://registry.yarnpkg.com/fsevents/-/fsevents-2.3.2.tgz#8a526f78b8fdf4623b709e0b975c52c24c02fd1a"
  integrity sha512-xiqMQR4xAeHTuB9uWm+fFRcIOgKBMiOBP+eXiyT7jsgVCq1bkVygt00oASowB7EdtpOHaaPgKt812P9ab+DDKA==

function-bind@^1.1.1:
  version "1.1.1"
  resolved "https://registry.yarnpkg.com/function-bind/-/function-bind-1.1.1.tgz#a56899d3ea3c9bab874bb9773b7c5ede92f4895d"
  integrity sha512-yIovAzMX49sF8Yl58fSCWJ5svSLuaibPxXQJFLmBObTuCr0Mf1KiPopGM9NiFjiYBCbfaa2Fh6breQ6ANVTI0A==

glob@^7.1.4:
  version "7.1.7"
  resolved "https://registry.yarnpkg.com/glob/-/glob-7.1.7.tgz#3b193e9233f01d42d0b3f78294bbeeb418f94a90"
  integrity sha512-OvD9ENzPLbegENnYP5UUfJIirTg4+XwMWGaQfQTY0JenxNvvIKP3U3/tAQSPIu/lHxXYSZmpXlUHeqAIdKzBLQ==
  dependencies:
    fs.realpath "^1.0.0"
    inflight "^1.0.4"
    inherits "2"
    minimatch "^3.0.4"
    once "^1.3.0"
    path-is-absolute "^1.0.0"

graceful-fs@^4.2.0:
  version "4.2.6"
  resolved "https://registry.yarnpkg.com/graceful-fs/-/graceful-fs-4.2.6.tgz#ff040b2b0853b23c3d31027523706f1885d76bee"
  integrity sha512-nTnJ528pbqxYanhpDYsi4Rd8MAeaBA67+RZ10CM1m3bTAVFEDcd5AuA4a6W5YkGZ1iNXHzZz8T6TBKLeBuNriQ==

handlebars@4.7.6:
  version "4.7.6"
  resolved "https://registry.yarnpkg.com/handlebars/-/handlebars-4.7.6.tgz#d4c05c1baf90e9945f77aa68a7a219aa4a7df74e"
  integrity sha512-1f2BACcBfiwAfStCKZNrUCgqNZkGsAT7UM3kkYtXuLo0KnaVfjKOyf7PRzB6++aK9STyT1Pd2ZCPe3EGOXleXA==
  dependencies:
    minimist "^1.2.5"
    neo-async "^2.6.0"
    source-map "^0.6.1"
    wordwrap "^1.0.0"
  optionalDependencies:
    uglify-js "^3.1.4"

has@^1.0.3:
  version "1.0.3"
  resolved "https://registry.yarnpkg.com/has/-/has-1.0.3.tgz#722d7cbfc1f6aa8241f16dd814e011e1f41e8796"
  integrity sha512-f2dvO0VU6Oej7RkWJGrehjbzMAjFp5/VKPp5tTpWIV4JHHZK1/BxbFRtf/siA2SWTe09caDmVtYYzWEIbBS4zw==
  dependencies:
    function-bind "^1.1.1"

ieee754@^1.1.13:
  version "1.2.1"
  resolved "https://registry.yarnpkg.com/ieee754/-/ieee754-1.2.1.tgz#8eb7a10a63fff25d15a57b001586d177d1b0d352"
  integrity sha512-dcyqhDvX1C46lXZcVqCpK+FtMRQVdIMN6/Df5js2zouUsqG7I6sFxitIC+7KYK29KdXOLHdu9zL4sFnoVQnqaA==

inflight@^1.0.4:
  version "1.0.6"
  resolved "https://registry.yarnpkg.com/inflight/-/inflight-1.0.6.tgz#49bd6331d7d02d0c09bc910a1075ba8165b56df9"
  integrity sha1-Sb1jMdfQLQwJvJEKEHW6gWW1bfk=
  dependencies:
    once "^1.3.0"
    wrappy "1"

inherits@2, inherits@^2.0.3, inherits@^2.0.4, inherits@~2.0.3:
  version "2.0.4"
  resolved "https://registry.yarnpkg.com/inherits/-/inherits-2.0.4.tgz#0fa2c64f932917c3433a0ded55363aae37416b7c"
  integrity sha512-k/vGaX4/Yla3WzyMCvTQOXYeIHvqOKtnqBduzTHpzpQZzAskKMhZ2K+EnBiSM9zGSoIFeMpXKxa4dYeZIQqewQ==

is-core-module@^2.2.0:
  version "2.4.0"
  resolved "https://registry.yarnpkg.com/is-core-module/-/is-core-module-2.4.0.tgz#8e9fc8e15027b011418026e98f0e6f4d86305cc1"
  integrity sha512-6A2fkfq1rfeQZjxrZJGerpLCTHRNEBiSgnu0+obeJpEPZRUooHgsizvzv0ZjJwOz3iWIHdJtVWJ/tmPr3D21/A==
  dependencies:
    has "^1.0.3"

isarray@~1.0.0:
  version "1.0.0"
  resolved "https://registry.yarnpkg.com/isarray/-/isarray-1.0.0.tgz#bb935d48582cba168c06834957a54a3e07124f11"
  integrity sha1-u5NdSFgsuhaMBoNJV6VKPgcSTxE=

ismobilejs@^1.1.0:
  version "1.1.1"
  resolved "https://registry.yarnpkg.com/ismobilejs/-/ismobilejs-1.1.1.tgz#c56ca0ae8e52b24ca0f22ba5ef3215a2ddbbaa0e"
  integrity sha512-VaFW53yt8QO61k2WJui0dHf4SlL8lxBofUuUmwBo0ljPk0Drz2TiuDW4jo3wDcv41qy/SxrJ+VAzJ/qYqsmzRw==

lazystream@^1.0.0:
  version "1.0.0"
  resolved "https://registry.yarnpkg.com/lazystream/-/lazystream-1.0.0.tgz#f6995fe0f820392f61396be89462407bb77168e4"
  integrity sha1-9plf4PggOS9hOWvolGJAe7dxaOQ=
  dependencies:
    readable-stream "^2.0.5"

lodash.defaults@^4.2.0:
  version "4.2.0"
  resolved "https://registry.yarnpkg.com/lodash.defaults/-/lodash.defaults-4.2.0.tgz#d09178716ffea4dde9e5fb7b37f6f0802274580c"
  integrity sha1-0JF4cW/+pN3p5ft7N/bwgCJ0WAw=

lodash.difference@^4.5.0:
  version "4.5.0"
  resolved "https://registry.yarnpkg.com/lodash.difference/-/lodash.difference-4.5.0.tgz#9ccb4e505d486b91651345772885a2df27fd017c"
  integrity sha1-nMtOUF1Ia5FlE0V3KIWi3yf9AXw=

lodash.flatten@^4.4.0:
  version "4.4.0"
  resolved "https://registry.yarnpkg.com/lodash.flatten/-/lodash.flatten-4.4.0.tgz#f31c22225a9632d2bbf8e4addbef240aa765a61f"
  integrity sha1-8xwiIlqWMtK7+OSt2+8kCqdlph8=

lodash.isplainobject@^4.0.6:
  version "4.0.6"
  resolved "https://registry.yarnpkg.com/lodash.isplainobject/-/lodash.isplainobject-4.0.6.tgz#7c526a52d89b45c45cc690b88163be0497f550cb"
  integrity sha1-fFJqUtibRcRcxpC4gWO+BJf1UMs=

lodash.union@^4.6.0:
  version "4.6.0"
  resolved "https://registry.yarnpkg.com/lodash.union/-/lodash.union-4.6.0.tgz#48bb5088409f16f1821666641c44dd1aaae3cd88"
  integrity sha1-SLtQiECfFvGCFmZkHETdGqrjzYg=

lru-cache@^6.0.0:
  version "6.0.0"
  resolved "https://registry.yarnpkg.com/lru-cache/-/lru-cache-6.0.0.tgz#6d6fe6570ebd96aaf90fcad1dafa3b2566db3a94"
  integrity sha512-Jo6dJ04CmSjuznwJSS3pUeWmd/H0ffTlkXXgwZi+eq1UCmqQwCh+eLsYOYCwY991i2Fah4h1BEMCx4qThGbsiA==
  dependencies:
    yallist "^4.0.0"

mini-signals@^1.2.0:
  version "1.2.0"
  resolved "https://registry.yarnpkg.com/mini-signals/-/mini-signals-1.2.0.tgz#45b08013c5fae51a24aa1a935cd317c9ed721d74"
  integrity sha1-RbCAE8X65RokqhqTXNMXye1yHXQ=

minimatch@^3.0.4:
  version "3.0.4"
  resolved "https://registry.yarnpkg.com/minimatch/-/minimatch-3.0.4.tgz#5166e286457f03306064be5497e8dbb0c3d32083"
  integrity sha512-yJHVQEhyqPLUTgt9B83PXu6W3rx4MvvHvSUvToogpwoGDOUQ+yDrR0HRot+yOCdCO7u4hX3pWft6kWBBcqh0UA==
  dependencies:
    brace-expansion "^1.1.7"

minimist@^1.2.5:
  version "1.2.5"
  resolved "https://registry.yarnpkg.com/minimist/-/minimist-1.2.5.tgz#67d66014b66a6a8aaa0c083c5fd58df4e4e97602"
  integrity sha512-FM9nNUYrRBAELZQT3xeZQ7fmMOBg6nWNmJKTcgsJeaLstP/UODVpGsr5OhXhhXg6f+qtJ8uiZ+PUxkDWcgIXLw==

nanoid@^3.1.23:
  version "3.1.23"
  resolved "https://registry.yarnpkg.com/nanoid/-/nanoid-3.1.23.tgz#f744086ce7c2bc47ee0a8472574d5c78e4183a81"
  integrity sha512-FiB0kzdP0FFVGDKlRLEQ1BgDzU87dy5NnzjeW9YZNt+/c3+q82EQDUwniSAUxp/F0gFNI1ZhKU1FqYsMuqZVnw==

neo-async@^2.6.0:
  version "2.6.2"
  resolved "https://registry.yarnpkg.com/neo-async/-/neo-async-2.6.2.tgz#b4aafb93e3aeb2d8174ca53cf163ab7d7308305f"
  integrity sha512-Yd3UES5mWCSqR+qNT93S3UoYUkqAZ9lLg8a7g9rimsWmYGK8cVToA4/sF3RrshdyV3sAGMXVUmpMYOw+dLpOuw==

normalize-path@^3.0.0:
  version "3.0.0"
  resolved "https://registry.yarnpkg.com/normalize-path/-/normalize-path-3.0.0.tgz#0dcd69ff23a1c9b11fd0978316644a0388216a65"
  integrity sha512-6eZs5Ls3WtCisHWp9S2GUy8dqkpGi4BVSz3GaqiE6ezub0512ESztXUwUB6C6IKbQkY2Pnb/mD4WYojCRwcwLA==

object-assign@^4.1.1:
  version "4.1.1"
  resolved "https://registry.yarnpkg.com/object-assign/-/object-assign-4.1.1.tgz#2109adc7965887cfc05cbbd442cac8bfbb360863"
  integrity sha1-IQmtx5ZYh8/AXLvUQsrIv7s2CGM=

once@^1.3.0, once@^1.4.0:
  version "1.4.0"
  resolved "https://registry.yarnpkg.com/once/-/once-1.4.0.tgz#583b1aa775961d4b113ac17d9c50baef9dd76bd1"
  integrity sha1-WDsap3WWHUsROsF9nFC6753Xa9E=
  dependencies:
    wrappy "1"

parse-uri@^1.0.0:
  version "1.0.3"
  resolved "https://registry.yarnpkg.com/parse-uri/-/parse-uri-1.0.3.tgz#f3c24a74907a4e357c1741e96ca9faadecfd6db5"
  integrity sha512-upMnGxNcm+45So85HoguwZTVZI9u11i36DdxJfGF2HYWS2eh3TIx7+/tTi7qrEq15qzGkVhsKjesau+kCk48pA==

path-is-absolute@^1.0.0:
  version "1.0.1"
  resolved "https://registry.yarnpkg.com/path-is-absolute/-/path-is-absolute-1.0.1.tgz#174b9268735534ffbc7ace6bf53a5a9e1b5c5f5f"
  integrity sha1-F0uSaHNVNP+8es5r9TpanhtcX18=

path-parse@^1.0.6:
  version "1.0.7"
  resolved "https://registry.yarnpkg.com/path-parse/-/path-parse-1.0.7.tgz#fbc114b60ca42b30d9daf5858e4bd68bbedb6735"
  integrity sha512-LDJzPVEEEPR+y48z93A0Ed0yXb8pAByGWo/k5YYdYgpY2/2EsOsksJrq7lOHxryrVOn1ejG6oAp8ahvOIQD8sw==

pixi-particles@^4.3.0:
  version "4.3.1"
  resolved "https://registry.yarnpkg.com/pixi-particles/-/pixi-particles-4.3.1.tgz#8457b52f51d9ab9ef266cdcb86a762ec882113d8"
  integrity sha512-XSqDFgYwm/7FRCgP5I2Fc57d98qvb1ql/x4uTjdP4uXDUGgjdO8OW/2A0HVWS1CkOht/1x6dQzsM1oCJAUlaow==

pixi.js@5.3.4:
  version "5.3.4"
  resolved "https://registry.yarnpkg.com/pixi.js/-/pixi.js-5.3.4.tgz#ec36ce65d05919fa89a29f984aae249230c09e15"
  integrity sha512-CrAaQQRw+iTA75IEu57CEk6stFs587iWE3HwQG0rZL2ESW2uJvdsF/ieeS/hFk35QmlEsPRqmH1sf7t7FGtsyw==
  dependencies:
    "@pixi/accessibility" "5.3.4"
    "@pixi/app" "5.3.4"
    "@pixi/constants" "5.3.4"
    "@pixi/core" "5.3.4"
    "@pixi/display" "5.3.4"
    "@pixi/extract" "5.3.4"
    "@pixi/filter-alpha" "5.3.4"
    "@pixi/filter-blur" "5.3.4"
    "@pixi/filter-color-matrix" "5.3.4"
    "@pixi/filter-displacement" "5.3.4"
    "@pixi/filter-fxaa" "5.3.4"
    "@pixi/filter-noise" "5.3.4"
    "@pixi/graphics" "5.3.4"
    "@pixi/interaction" "5.3.4"
    "@pixi/loaders" "5.3.4"
    "@pixi/math" "5.3.4"
    "@pixi/mesh" "5.3.4"
    "@pixi/mesh-extras" "5.3.4"
    "@pixi/mixin-cache-as-bitmap" "5.3.4"
    "@pixi/mixin-get-child-by-name" "5.3.4"
    "@pixi/mixin-get-global-position" "5.3.4"
    "@pixi/particles" "5.3.4"
    "@pixi/polyfill" "5.3.4"
    "@pixi/prepare" "5.3.4"
    "@pixi/runner" "5.3.4"
    "@pixi/settings" "5.3.4"
    "@pixi/sprite" "5.3.4"
    "@pixi/sprite-animated" "5.3.4"
    "@pixi/sprite-tiling" "5.3.4"
    "@pixi/spritesheet" "5.3.4"
    "@pixi/text" "5.3.4"
    "@pixi/text-bitmap" "5.3.4"
    "@pixi/ticker" "5.3.4"
    "@pixi/utils" "5.3.4"

postcss@^8.3.0:
  version "8.3.5"
  resolved "https://registry.yarnpkg.com/postcss/-/postcss-8.3.5.tgz#982216b113412bc20a86289e91eb994952a5b709"
  integrity sha512-NxTuJocUhYGsMiMFHDUkmjSKT3EdH4/WbGF6GCi1NDGk+vbcUTun4fpbOqaPtD8IIsztA2ilZm2DhYCuyN58gA==
  dependencies:
    colorette "^1.2.2"
    nanoid "^3.1.23"
    source-map-js "^0.6.2"

printj@~1.1.0:
  version "1.1.2"
  resolved "https://registry.yarnpkg.com/printj/-/printj-1.1.2.tgz#d90deb2975a8b9f600fb3a1c94e3f4c53c78a222"
  integrity sha512-zA2SmoLaxZyArQTOPj5LXecR+RagfPSU5Kw1qP+jkWeNlrq+eJZyY2oS68SU1Z/7/myXM4lo9716laOFAVStCQ==

process-nextick-args@~2.0.0:
  version "2.0.1"
  resolved "https://registry.yarnpkg.com/process-nextick-args/-/process-nextick-args-2.0.1.tgz#7820d9b16120cc55ca9ae7792680ae7dba6d7fe2"
  integrity sha512-3ouUOpQhtgrbOa17J7+uxOTpITYWaGP7/AhoR3+A+/1e9skrzelGi/dXzEYyvbxubEF6Wn2ypscTKiKJFFn1ag==

punycode@1.3.2:
  version "1.3.2"
  resolved "https://registry.yarnpkg.com/punycode/-/punycode-1.3.2.tgz#9653a036fb7c1ee42342f2325cceefea3926c48d"
  integrity sha1-llOgNvt8HuQjQvIyXM7v6jkmxI0=

querystring@0.2.0:
  version "0.2.0"
  resolved "https://registry.yarnpkg.com/querystring/-/querystring-0.2.0.tgz#b209849203bb25df820da756e747005878521620"
  integrity sha1-sgmEkgO7Jd+CDadW50cAWHhSFiA=

readable-stream@^2.0.0, readable-stream@^2.0.5:
  version "2.3.7"
  resolved "https://registry.yarnpkg.com/readable-stream/-/readable-stream-2.3.7.tgz#1eca1cf711aef814c04f62252a36a62f6cb23b57"
  integrity sha512-Ebho8K4jIbHAxnuxi7o42OrZgF/ZTNcsZj6nRKyUmkhLFq8CHItp/fy6hQZuZmP/n3yZ9VBUbp4zz/mX8hmYPw==
  dependencies:
    core-util-is "~1.0.0"
    inherits "~2.0.3"
    isarray "~1.0.0"
    process-nextick-args "~2.0.0"
    safe-buffer "~5.1.1"
    string_decoder "~1.1.1"
    util-deprecate "~1.0.1"

readable-stream@^3.1.1, readable-stream@^3.4.0, readable-stream@^3.6.0:
  version "3.6.0"
  resolved "https://registry.yarnpkg.com/readable-stream/-/readable-stream-3.6.0.tgz#337bbda3adc0706bd3e024426a286d4b4b2c9198"
  integrity sha512-BViHy7LKeTz4oNnkcLJ+lVSL6vpiFeX6/d3oSH8zCW7UxP2onchk+vTGB143xuFjHS3deTgkKoXXymXqymiIdA==
  dependencies:
    inherits "^2.0.3"
    string_decoder "^1.1.1"
    util-deprecate "^1.0.1"

readdir-glob@^1.0.0:
  version "1.1.1"
  resolved "https://registry.yarnpkg.com/readdir-glob/-/readdir-glob-1.1.1.tgz#f0e10bb7bf7bfa7e0add8baffdc54c3f7dbee6c4"
  integrity sha512-91/k1EzZwDx6HbERR+zucygRFfiPl2zkIYZtv3Jjr6Mn7SkKcVct8aVO+sSRiGMc6fLf72du3d92/uY63YPdEA==
  dependencies:
    minimatch "^3.0.4"

resolve@^1.19.0:
  version "1.20.0"
  resolved "https://registry.yarnpkg.com/resolve/-/resolve-1.20.0.tgz#629a013fb3f70755d6f0b7935cc1c2c5378b1975"
  integrity sha512-wENBPt4ySzg4ybFQW2TT1zMQucPK95HSh/nq2CFTZVOGut2+pQvSsgtda4d26YrYcr067wjbmzOG8byDPBX63A==
  dependencies:
    is-core-module "^2.2.0"
    path-parse "^1.0.6"

resource-loader@^3.0.1:
  version "3.0.1"
  resolved "https://registry.yarnpkg.com/resource-loader/-/resource-loader-3.0.1.tgz#33355bb5421e2994f59454bbc7f6dbff8df06d47"
  integrity sha512-fBuCRbEHdLCI1eglzQhUv9Rrdcmqkydr1r6uHE2cYHvRBrcLXeSmbE/qI/urFt8rPr/IGxir3BUwM5kUK8XoyA==
  dependencies:
    mini-signals "^1.2.0"
    parse-uri "^1.0.0"

rollup@^2.38.5:
  version "2.52.1"
  resolved "https://registry.yarnpkg.com/rollup/-/rollup-2.52.1.tgz#dd1cc178d70cf35c48d943fc06fdc32d546e6876"
  integrity sha512-/SPqz8UGnp4P1hq6wc9gdTqA2bXQXGx13TtoL03GBm6qGRI6Hm3p4Io7GeiHNLl0BsQAne1JNYY+q/apcY933w==
  optionalDependencies:
    fsevents "~2.3.2"

safe-buffer@~5.1.0, safe-buffer@~5.1.1:
  version "5.1.2"
  resolved "https://registry.yarnpkg.com/safe-buffer/-/safe-buffer-5.1.2.tgz#991ec69d296e0313747d59bdfd2b745c35f8828d"
  integrity sha512-Gd2UZBJDkXlY7GbJxfsE8/nvKkUEU1G38c1siN6QP6a9PT9MmHB8GnpscSmMJSoF8LOIrt8ud/wPtojys4G6+g==

safe-buffer@~5.2.0:
  version "5.2.1"
  resolved "https://registry.yarnpkg.com/safe-buffer/-/safe-buffer-5.2.1.tgz#1eaf9fa9bdb1fdd4ec75f58f9cdb4e6b7827eec6"
  integrity sha512-rp3So07KcdmmKbGvgaNxQSJr7bGVSVk5S9Eq1F+ppbRo70+YeaDxkw5Dd8NPN+GD6bjnYm2VuPuCXmpuYvmCXQ==

semver@^7.3.5:
  version "7.3.5"
  resolved "https://registry.yarnpkg.com/semver/-/semver-7.3.5.tgz#0b621c879348d8998e4b0e4be94b3f12e6018ef7"
  integrity sha512-PoeGJYh8HK4BTO/a9Tf6ZG3veo/A7ZVsYrSA6J8ny9nb3B1VrpkuN+z9OE5wfE5p6H4LchYZsegiQgbJD94ZFQ==
  dependencies:
    lru-cache "^6.0.0"

source-map-js@^0.6.2:
  version "0.6.2"
  resolved "https://registry.yarnpkg.com/source-map-js/-/source-map-js-0.6.2.tgz#0bb5de631b41cfbda6cfba8bd05a80efdfd2385e"
  integrity sha512-/3GptzWzu0+0MBQFrDKzw/DvvMTUORvgY6k6jd/VS6iCR4RDTKWH6v6WPwQoUO8667uQEf9Oe38DxAYWY5F/Ug==

source-map@^0.6.1:
  version "0.6.1"
  resolved "https://registry.yarnpkg.com/source-map/-/source-map-0.6.1.tgz#74722af32e9614e9c287a8d0bbde48b5e2f1a263"
  integrity sha512-UjgapumWlbMhkBgzT7Ykc5YXUT46F0iKu8SGXq0bcwP5dz/h0Plj6enJqjz1Zbq2l5WaqYnrVbwWOWMyF3F47g==

string_decoder@^1.1.1:
  version "1.3.0"
  resolved "https://registry.yarnpkg.com/string_decoder/-/string_decoder-1.3.0.tgz#42f114594a46cf1a8e30b0a84f56c78c3edac21e"
  integrity sha512-hkRX8U1WjJFd8LsDJ2yQ/wWWxaopEsABU1XfkM8A+j0+85JAGppt16cr1Whg6KIbb4okU6Mql6BOj+uup/wKeA==
  dependencies:
    safe-buffer "~5.2.0"

string_decoder@~1.1.1:
  version "1.1.1"
  resolved "https://registry.yarnpkg.com/string_decoder/-/string_decoder-1.1.1.tgz#9cf1611ba62685d7030ae9e4ba34149c3af03fc8"
  integrity sha512-n/ShnvDi6FHbbVfviro+WojiFzv+s8MPMHBczVePfUpDJLwoLT0ht1l4YwBCbi8pJAveEEdnkHyPyTP/mzRfwg==
  dependencies:
    safe-buffer "~5.1.0"

tar-stream@^2.2.0:
  version "2.2.0"
  resolved "https://registry.yarnpkg.com/tar-stream/-/tar-stream-2.2.0.tgz#acad84c284136b060dc3faa64474aa9aebd77287"
  integrity sha512-ujeqbceABgwMZxEJnk2HDY2DlnUZ+9oEcb1KzTVfYHio0UE6dG71n60d8D2I4qNvleWrrXpmjpt7vZeF1LnMZQ==
  dependencies:
    bl "^4.0.3"
    end-of-stream "^1.4.1"
    fs-constants "^1.0.0"
    inherits "^2.0.3"
    readable-stream "^3.1.1"

tinymce@5.6.2:
  version "5.6.2"
  resolved "https://registry.yarnpkg.com/tinymce/-/tinymce-5.6.2.tgz#4c20c22e328c5d0baab204928dbc2b0ecbed18b4"
  integrity sha512-z7zvM5seOPiW86/vqf08kStwW5Zs5U9oQfuqh2rTj4jEcT2QzxT0v72i2zw3W6rbTLldkAej6edFZphj5ee5zg==

typescript@^4.1.4, typescript@^4.3.2:
  version "4.3.4"
  resolved "https://registry.yarnpkg.com/typescript/-/typescript-4.3.4.tgz#3f85b986945bcf31071decdd96cf8bfa65f9dcbc"
  integrity sha512-uauPG7XZn9F/mo+7MrsRjyvbxFpzemRjKEZXS4AK83oP2KKOJPvb+9cO/gmnv8arWZvhnjVOXz7B49m1l0e9Ew==

uglify-js@^3.1.4:
  version "3.13.9"
  resolved "https://registry.yarnpkg.com/uglify-js/-/uglify-js-3.13.9.tgz#4d8d21dcd497f29cfd8e9378b9df123ad025999b"
  integrity sha512-wZbyTQ1w6Y7fHdt8sJnHfSIuWeDgk6B5rCb4E/AM6QNNPbOMIZph21PW5dRB3h7Df0GszN+t7RuUH6sWK5bF0g==

url@^0.11.0:
  version "0.11.0"
  resolved "https://registry.yarnpkg.com/url/-/url-0.11.0.tgz#3838e97cfc60521eb73c525a8e55bfdd9e2e28f1"
  integrity sha1-ODjpfPxgUh63PFJajlW/3Z4uKPE=
  dependencies:
    punycode "1.3.2"
    querystring "0.2.0"

util-deprecate@^1.0.1, util-deprecate@~1.0.1:
  version "1.0.2"
  resolved "https://registry.yarnpkg.com/util-deprecate/-/util-deprecate-1.0.2.tgz#450d4dc9fa70de732762fbd2d4a28981419a0ccf"
  integrity sha1-RQ1Nyfpw3nMnYvvS1KKJgUGaDM8=

vite-fvtt-module-dev@^1.0.1:
  version "1.0.1"
  resolved "https://registry.yarnpkg.com/vite-fvtt-module-dev/-/vite-fvtt-module-dev-1.0.1.tgz#f3dacbd06d588abb7410e3cde4833bfecee9dfbf"
  integrity sha512-r9ZO78CG/AQ/EYb0aKuj1oDDB/7CwWCeIIBDszBcrfnLTAtfVW+HXp+sFQOby1vNjQ6Y1k+WJ+UI3Kwrl8x/Tg==
  dependencies:
    "@league-of-foundry-developers/foundry-vtt-types" "^0.7.10-0"

vite@^2.3.7:
  version "2.3.7"
  resolved "https://registry.yarnpkg.com/vite/-/vite-2.3.7.tgz#3023892419367465e1af1739578f8663d04243b2"
  integrity sha512-Y0xRz11MPYu/EAvzN94+FsOZHbSvO6FUvHv127CyG7mV6oDoay2bw+g5y9wW3Blf8OY3chaz3nc/DcRe1IQ3Nw==
  dependencies:
    esbuild "^0.12.5"
    postcss "^8.3.0"
    resolve "^1.19.0"
    rollup "^2.38.5"
  optionalDependencies:
    fsevents "~2.3.1"

wordwrap@^1.0.0:
  version "1.0.0"
  resolved "https://registry.yarnpkg.com/wordwrap/-/wordwrap-1.0.0.tgz#27584810891456a4171c8d0226441ade90cbcaeb"
  integrity sha1-J1hIEIkUVqQXHI0CJkQa3pDLyus=

wrappy@1:
  version "1.0.2"
  resolved "https://registry.yarnpkg.com/wrappy/-/wrappy-1.0.2.tgz#b5243d8f3ec1aa35f1364605bc0d1036e30ab69f"
  integrity sha1-tSQ9jz7BqjXxNkYFvA0QNuMKtp8=

yallist@^4.0.0:
  version "4.0.0"
  resolved "https://registry.yarnpkg.com/yallist/-/yallist-4.0.0.tgz#9bb92790d9c0effec63be73519e11a35019a3a72"
  integrity sha512-3wdGidZyq5PB084XLES5TpOSRA3wjXAlIWMhum2kRcv/41Sn2emQ0dycQW4uZXLejwKvg6EsvbdlVL+FYEct7A==

zip-stream@^4.1.0:
  version "4.1.0"
  resolved "https://registry.yarnpkg.com/zip-stream/-/zip-stream-4.1.0.tgz#51dd326571544e36aa3f756430b313576dc8fc79"
  integrity sha512-zshzwQW7gG7hjpBlgeQP9RuyPGNxvJdzR8SUM3QhxCnLjWN2E7j3dOvpeDcQoETfHx0urRS7EtmVToql7YpU4A==
  dependencies:
    archiver-utils "^2.1.0"
    compress-commons "^4.1.0"
    readable-stream "^3.6.0"
